
Microsoft Visual Studio Solution File, Format Version 12.00
# Visual Studio Version 17
VisualStudioVersion = 17.2.32526.322
MinimumVisualStudioVersion = 10.0.40219.1
Project("{FAE04EC0-301F-11D3-BF4B-00C04F79EFBC}") = "FantasyBets", "FantasyBets\FantasyBets.csproj", "{9D2E511D-4C14-4416-A7B0-95004499AC42}"
EndProject
Global
	GlobalSection(SolutionConfigurationPlatforms) = preSolution
		Debug|Any CPU = Debug|Any CPU
		Release|Any CPU = Release|Any CPU
	EndGlobalSection
	GlobalSection(ProjectConfigurationPlatforms) = postSolution
		{9D2E511D-4C14-4416-A7B0-95004499AC42}.Debug|Any CPU.ActiveCfg = Debug|Any CPU
		{9D2E511D-4C14-4416-A7B0-95004499AC42}.Debug|Any CPU.Build.0 = Debug|Any CPU
		{9D2E511D-4C14-4416-A7B0-95004499AC42}.Release|Any CPU.ActiveCfg = Release|Any CPU
		{9D2E511D-4C14-4416-A7B0-95004499AC42}.Release|Any CPU.Build.0 = Release|Any CPU
	EndGlobalSection
	GlobalSection(SolutionProperties) = preSolution
		HideSolutionNode = FALSE
	EndGlobalSection
	GlobalSection(ExtensibilityGlobals) = postSolution
		SolutionGuid = {F834A059-EC5C-4D61-A69D-FD49AA329727}
	EndGlobalSection
EndGlobal
